
Microsoft Visual Studio Solution File, Format Version 12.00
# Visual Studio Version 17
VisualStudioVersion = 17.3.32811.315
MinimumVisualStudioVersion = 10.0.40219.1
Project("{FAE04EC0-301F-11D3-BF4B-00C04F79EFBC}") = "GestBanque", "GestBanque\GestBanque.csproj", "{B781B764-E9F6-4952-B3A3-0A1813F8166F}"
EndProject
Project("{FAE04EC0-301F-11D3-BF4B-00C04F79EFBC}") = "GestBanque.Models", "GestBanque.Models\GestBanque.Models.csproj", "{DFA87B0B-D559-4A75-8CB5-37BB89CCD487}"
EndProject
Global
	GlobalSection(SolutionConfigurationPlatforms) = preSolution
		Debug|Any CPU = Debug|Any CPU
		Release|Any CPU = Release|Any CPU
	EndGlobalSection
	GlobalSection(ProjectConfigurationPlatforms) = postSolution
		{B781B764-E9F6-4952-B3A3-0A1813F8166F}.Debug|Any CPU.ActiveCfg = Debug|Any CPU
		{B781B764-E9F6-4952-B3A3-0A1813F8166F}.Debug|Any CPU.Build.0 = Debug|Any CPU
		{B781B764-E9F6-4952-B3A3-0A1813F8166F}.Release|Any CPU.ActiveCfg = Release|Any CPU
		{B781B764-E9F6-4952-B3A3-0A1813F8166F}.Release|Any CPU.Build.0 = Release|Any CPU
		{DFA87B0B-D559-4A75-8CB5-37BB89CCD487}.Debug|Any CPU.ActiveCfg = Debug|Any CPU
		{DFA87B0B-D559-4A75-8CB5-37BB89CCD487}.Debug|Any CPU.Build.0 = Debug|Any CPU
		{DFA87B0B-D559-4A75-8CB5-37BB89CCD487}.Release|Any CPU.ActiveCfg = Release|Any CPU
		{DFA87B0B-D559-4A75-8CB5-37BB89CCD487}.Release|Any CPU.Build.0 = Release|Any CPU
	EndGlobalSection
	GlobalSection(SolutionProperties) = preSolution
		HideSolutionNode = FALSE
	EndGlobalSection
	GlobalSection(ExtensibilityGlobals) = postSolution
		SolutionGuid = {AFD544FF-596D-43F0-AC1C-E01E0BEA83F3}
	EndGlobalSection
EndGlobal
